
Microsoft Visual Studio Solution File, Format Version 11.00
# Visual Studio 2010
Project("{FAE04EC0-301F-11D3-BF4B-00C04F79EFBC}") = "Assembly-CSharp", "Assembly-CSharp.csproj", "{E5F23BE1-0346-7A36-A6EB-BA1537593033}"
EndProject
Project("{FAE04EC0-301F-11D3-BF4B-00C04F79EFBC}") = "Assembly-CSharp-Editor", "Assembly-CSharp-Editor.csproj", "{A8797D09-B7EF-3BD1-0511-AAD8150062CE}"
EndProject
Global
	GlobalSection(SolutionConfigurationPlatforms) = preSolution
		Debug|Any CPU = Debug|Any CPU
		Release|Any CPU = Release|Any CPU
	EndGlobalSection
	GlobalSection(ProjectConfigurationPlatforms) = postSolution
		{E5F23BE1-0346-7A36-A6EB-BA1537593033}.Debug|Any CPU.ActiveCfg = Debug|Any CPU
		{E5F23BE1-0346-7A36-A6EB-BA1537593033}.Debug|Any CPU.Build.0 = Debug|Any CPU
		{E5F23BE1-0346-7A36-A6EB-BA1537593033}.Release|Any CPU.ActiveCfg = Release|Any CPU
		{E5F23BE1-0346-7A36-A6EB-BA1537593033}.Release|Any CPU.Build.0 = Release|Any CPU
		{A8797D09-B7EF-3BD1-0511-AAD8150062CE}.Debug|Any CPU.ActiveCfg = Debug|Any CPU
		{A8797D09-B7EF-3BD1-0511-AAD8150062CE}.Debug|Any CPU.Build.0 = Debug|Any CPU
		{A8797D09-B7EF-3BD1-0511-AAD8150062CE}.Release|Any CPU.ActiveCfg = Release|Any CPU
		{A8797D09-B7EF-3BD1-0511-AAD8150062CE}.Release|Any CPU.Build.0 = Release|Any CPU
	EndGlobalSection
	GlobalSection(SolutionProperties) = preSolution
		HideSolutionNode = FALSE
	EndGlobalSection
	GlobalSection(MonoDevelopProperties) = preSolution
		StartupItem = Assembly-CSharp.csproj
	EndGlobalSection
EndGlobal
