
Microsoft Visual Studio Solution File, Format Version 11.00
# Visual Studio 2010
Project("{FAE04EC0-301F-11D3-BF4B-00C04F79EFBC}") = "Assembly-CSharp", "Assembly-CSharp.csproj", "{ED421E63-721B-18E9-DEF0-5B9ABB62419D}"
EndProject
Project("{FAE04EC0-301F-11D3-BF4B-00C04F79EFBC}") = "Assembly-CSharp-Editor", "Assembly-CSharp-Editor.csproj", "{DA9F4859-59B6-D2E9-0F4A-30D9433F25C3}"
EndProject
Global
	GlobalSection(SolutionConfigurationPlatforms) = preSolution
		Debug|Any CPU = Debug|Any CPU
		Release|Any CPU = Release|Any CPU
	EndGlobalSection
	GlobalSection(ProjectConfigurationPlatforms) = postSolution
		{ED421E63-721B-18E9-DEF0-5B9ABB62419D}.Debug|Any CPU.ActiveCfg = Debug|Any CPU
		{ED421E63-721B-18E9-DEF0-5B9ABB62419D}.Debug|Any CPU.Build.0 = Debug|Any CPU
		{ED421E63-721B-18E9-DEF0-5B9ABB62419D}.Release|Any CPU.ActiveCfg = Release|Any CPU
		{ED421E63-721B-18E9-DEF0-5B9ABB62419D}.Release|Any CPU.Build.0 = Release|Any CPU
		{DA9F4859-59B6-D2E9-0F4A-30D9433F25C3}.Debug|Any CPU.ActiveCfg = Debug|Any CPU
		{DA9F4859-59B6-D2E9-0F4A-30D9433F25C3}.Debug|Any CPU.Build.0 = Debug|Any CPU
		{DA9F4859-59B6-D2E9-0F4A-30D9433F25C3}.Release|Any CPU.ActiveCfg = Release|Any CPU
		{DA9F4859-59B6-D2E9-0F4A-30D9433F25C3}.Release|Any CPU.Build.0 = Release|Any CPU
	EndGlobalSection
	GlobalSection(SolutionProperties) = preSolution
		HideSolutionNode = FALSE
	EndGlobalSection
	GlobalSection(MonoDevelopProperties) = preSolution
		StartupItem = Assembly-CSharp.csproj
	EndGlobalSection
EndGlobal
